
Microsoft Visual Studio Solution File, Format Version 12.00
# Visual Studio Version 16
VisualStudioVersion = 16.0.29709.97
MinimumVisualStudioVersion = 10.0.40219.1
Project("{9A19103F-16F7-4668-BE54-9A1E7A4F7556}") = "QOTDWearableApp", "QOTDWearableApp\QOTDWearableApp\QOTDWearableApp.csproj", "{791ED882-ABD4-4739-B929-F37033EF70D6}"
EndProject
Project("{9A19103F-16F7-4668-BE54-9A1E7A4F7556}") = "QOTDWearableApp.Tizen.Wearable", "QOTDWearableApp\QOTDWearableApp.Tizen.Wearable\QOTDWearableApp.Tizen.Wearable.csproj", "{20E994A7-DC78-46F4-85C1-3FFA9067E802}"
EndProject
Global
	GlobalSection(SolutionConfigurationPlatforms) = preSolution
		Debug|Any CPU = Debug|Any CPU
		Release|Any CPU = Release|Any CPU
	EndGlobalSection
	GlobalSection(ProjectConfigurationPlatforms) = postSolution
		{791ED882-ABD4-4739-B929-F37033EF70D6}.Debug|Any CPU.ActiveCfg = Debug|Any CPU
		{791ED882-ABD4-4739-B929-F37033EF70D6}.Debug|Any CPU.Build.0 = Debug|Any CPU
		{791ED882-ABD4-4739-B929-F37033EF70D6}.Release|Any CPU.ActiveCfg = Release|Any CPU
		{791ED882-ABD4-4739-B929-F37033EF70D6}.Release|Any CPU.Build.0 = Release|Any CPU
		{20E994A7-DC78-46F4-85C1-3FFA9067E802}.Debug|Any CPU.ActiveCfg = Debug|Any CPU
		{20E994A7-DC78-46F4-85C1-3FFA9067E802}.Debug|Any CPU.Build.0 = Debug|Any CPU
		{20E994A7-DC78-46F4-85C1-3FFA9067E802}.Release|Any CPU.ActiveCfg = Release|Any CPU
		{20E994A7-DC78-46F4-85C1-3FFA9067E802}.Release|Any CPU.Build.0 = Release|Any CPU
	EndGlobalSection
	GlobalSection(SolutionProperties) = preSolution
		HideSolutionNode = FALSE
	EndGlobalSection
	GlobalSection(ExtensibilityGlobals) = postSolution
		SolutionGuid = {F2CA5475-EBF4-418A-A372-A6695E6161CE}
	EndGlobalSection
EndGlobal
